{
  "pins" : [
    {
      "identity" : "csv.swift",
      "kind" : "remoteSourceControl",
      "location" : "https://github.com/yaslab/CSV.swift",
      "state" : {
        "revision" : "81d2874c51db364d7e1d71b0d99018a294c87ac1",
        "version" : "2.4.3"
      }
    },
    {
      "identity" : "urban",
      "kind" : "remoteSourceControl",
      "location" : "https://github.com/kristorres/urban",
      "state" : {
        "revision" : "bb0ab9d8fa38058a13266d41e3b00ba4487d5cb0",
        "version" : "0.0.2"
      }
    }
  ],
  "version" : 2
}
