// !$*UTF8*$!
{
	archiveVersion = 1;
	classes = {
	};
	objectVersion = 55;
	objects = {

/* Begin PBXBuildFile section */
		3001255E27FE412F00A7B8B1 /* Angle+Normalize.swift in Sources */ = {isa = PBXBuildFile; fileRef = 3001255D27FE412F00A7B8B1 /* Angle+Normalize.swift */; };
		300CFE6B27FA9F2100930143 /* Roulette.swift in Sources */ = {isa = PBXBuildFile; fileRef = 300CFE6A27FA9F2100930143 /* Roulette.swift */; };
		303C8B9227F54BC40062086B /* NekkoyaApp.swift in Sources */ = {isa = PBXBuildFile; fileRef = 303C8B9127F54BC40062086B /* NekkoyaApp.swift */; };
		303C8B9427F54BC40062086B /* ContentView.swift in Sources */ = {isa = PBXBuildFile; fileRef = 303C8B9327F54BC40062086B /* ContentView.swift */; };
		303C8B9627F54BC50062086B /* Assets.xcassets in Resources */ = {isa = PBXBuildFile; fileRef = 303C8B9527F54BC50062086B /* Assets.xcassets */; };
		303C8B9927F54BC50062086B /* Preview Assets.xcassets in Resources */ = {isa = PBXBuildFile; fileRef = 303C8B9827F54BC50062086B /* Preview Assets.xcassets */; };
		303C8BA427F667070062086B /* CircularSector.swift in Sources */ = {isa = PBXBuildFile; fileRef = 303C8BA327F667070062086B /* CircularSector.swift */; };
		303C8BA627F785F10062086B /* Roulette+Wedge.swift in Sources */ = {isa = PBXBuildFile; fileRef = 303C8BA527F785F10062086B /* Roulette+Wedge.swift */; };
		30722D8928039F7F00DF87CA /* Urban in Frameworks */ = {isa = PBXBuildFile; productRef = 30722D8828039F7F00DF87CA /* Urban */; };
		30722D8C2803A6B900DF87CA /* RouletteItem.swift in Sources */ = {isa = PBXBuildFile; fileRef = 30722D8B2803A6B900DF87CA /* RouletteItem.swift */; };
		30722D902804E59F00DF87CA /* String+Trimmed.swift in Sources */ = {isa = PBXBuildFile; fileRef = 30722D8F2804E59F00DF87CA /* String+Trimmed.swift */; };
		30722D9228056B4F00DF87CA /* ItemRow.swift in Sources */ = {isa = PBXBuildFile; fileRef = 30722D9128056B4F00DF87CA /* ItemRow.swift */; };
		30722D952805F06400DF87CA /* Array+Identifiable.swift in Sources */ = {isa = PBXBuildFile; fileRef = 30722D942805F06400DF87CA /* Array+Identifiable.swift */; };
		30722D9828061DB300DF87CA /* CSV in Frameworks */ = {isa = PBXBuildFile; productRef = 30722D9728061DB300DF87CA /* CSV */; };
/* End PBXBuildFile section */

/* Begin PBXFileReference section */
		3001255D27FE412F00A7B8B1 /* Angle+Normalize.swift */ = {isa = PBXFileReference; lastKnownFileType = sourcecode.swift; path = "Angle+Normalize.swift"; sourceTree = "<group>"; };
		300CFE6A27FA9F2100930143 /* Roulette.swift */ = {isa = PBXFileReference; lastKnownFileType = sourcecode.swift; path = Roulette.swift; sourceTree = "<group>"; };
		303C8B8E27F54BC40062086B /* Nekkoya.app */ = {isa = PBXFileReference; explicitFileType = wrapper.application; includeInIndex = 0; path = Nekkoya.app; sourceTree = BUILT_PRODUCTS_DIR; };
		303C8B9127F54BC40062086B /* NekkoyaApp.swift */ = {isa = PBXFileReference; lastKnownFileType = sourcecode.swift; path = NekkoyaApp.swift; sourceTree = "<group>"; };
		303C8B9327F54BC40062086B /* ContentView.swift */ = {isa = PBXFileReference; lastKnownFileType = sourcecode.swift; path = ContentView.swift; sourceTree = "<group>"; };
		303C8B9527F54BC50062086B /* Assets.xcassets */ = {isa = PBXFileReference; lastKnownFileType = folder.assetcatalog; path = Assets.xcassets; sourceTree = "<group>"; };
		303C8B9827F54BC50062086B /* Preview Assets.xcassets */ = {isa = PBXFileReference; lastKnownFileType = folder.assetcatalog; path = "Preview Assets.xcassets"; sourceTree = "<group>"; };
		303C8B9A27F54BC50062086B /* Nekkoya.entitlements */ = {isa = PBXFileReference; lastKnownFileType = text.plist.entitlements; path = Nekkoya.entitlements; sourceTree = "<group>"; };
		303C8BA027F54D6D0062086B /* .gitignore */ = {isa = PBXFileReference; lastKnownFileType = text; path = .gitignore; sourceTree = "<group>"; };
		303C8BA227F556550062086B /* README.md */ = {isa = PBXFileReference; lastKnownFileType = net.daringfireball.markdown; path = README.md; sourceTree = "<group>"; };
		303C8BA327F667070062086B /* CircularSector.swift */ = {isa = PBXFileReference; lastKnownFileType = sourcecode.swift; path = CircularSector.swift; sourceTree = "<group>"; };
		303C8BA527F785F10062086B /* Roulette+Wedge.swift */ = {isa = PBXFileReference; lastKnownFileType = sourcecode.swift; path = "Roulette+Wedge.swift"; sourceTree = "<group>"; };
		30722D8B2803A6B900DF87CA /* RouletteItem.swift */ = {isa = PBXFileReference; lastKnownFileType = sourcecode.swift; path = RouletteItem.swift; sourceTree = "<group>"; };
		30722D8F2804E59F00DF87CA /* String+Trimmed.swift */ = {isa = PBXFileReference; lastKnownFileType = sourcecode.swift; path = "String+Trimmed.swift"; sourceTree = "<group>"; };
		30722D9128056B4F00DF87CA /* ItemRow.swift */ = {isa = PBXFileReference; lastKnownFileType = sourcecode.swift; path = ItemRow.swift; sourceTree = "<group>"; };
		30722D942805F06400DF87CA /* Array+Identifiable.swift */ = {isa = PBXFileReference; lastKnownFileType = sourcecode.swift; path = "Array+Identifiable.swift"; sourceTree = "<group>"; };
		30722D9A280631E500DF87CA /* iz-one.csv */ = {isa = PBXFileReference; lastKnownFileType = text; path = "iz-one.csv"; sourceTree = "<group>"; };
		30722D9B2806355E00DF87CA /* one-piece.csv */ = {isa = PBXFileReference; lastKnownFileType = text; path = "one-piece.csv"; sourceTree = "<group>"; };
		30722D9D280662CA00DF87CA /* nekkoya.gif */ = {isa = PBXFileReference; lastKnownFileType = image.gif; path = nekkoya.gif; sourceTree = "<group>"; };
/* End PBXFileReference section */

/* Begin PBXFrameworksBuildPhase section */
		303C8B8B27F54BC40062086B /* Frameworks */ = {
			isa = PBXFrameworksBuildPhase;
			buildActionMask = 2147483647;
			files = (
				30722D8928039F7F00DF87CA /* Urban in Frameworks */,
				30722D9828061DB300DF87CA /* CSV in Frameworks */,
			);
			runOnlyForDeploymentPostprocessing = 0;
		};
/* End PBXFrameworksBuildPhase section */

/* Begin PBXGroup section */
		300CFE6C27FAA3B300930143 /* Roulette */ = {
			isa = PBXGroup;
			children = (
				303C8BA327F667070062086B /* CircularSector.swift */,
				303C8BA527F785F10062086B /* Roulette+Wedge.swift */,
			);
			path = Roulette;
			sourceTree = "<group>";
		};
		303C8B8527F54BC40062086B = {
			isa = PBXGroup;
			children = (
				303C8BA227F556550062086B /* README.md */,
				30722D9D280662CA00DF87CA /* nekkoya.gif */,
				303C8BA027F54D6D0062086B /* .gitignore */,
				30722D992806316800DF87CA /* Inputs */,
				303C8B9027F54BC40062086B /* Nekkoya */,
				303C8B8F27F54BC40062086B /* Products */,
			);
			sourceTree = "<group>";
		};
		303C8B8F27F54BC40062086B /* Products */ = {
			isa = PBXGroup;
			children = (
				303C8B8E27F54BC40062086B /* Nekkoya.app */,
			);
			name = Products;
			sourceTree = "<group>";
		};
		303C8B9027F54BC40062086B /* Nekkoya */ = {
			isa = PBXGroup;
			children = (
				303C8B9327F54BC40062086B /* ContentView.swift */,
				30722D9128056B4F00DF87CA /* ItemRow.swift */,
				303C8B9127F54BC40062086B /* NekkoyaApp.swift */,
				300CFE6A27FA9F2100930143 /* Roulette.swift */,
				30722D932805EF6B00DF87CA /* Extensions */,
				30722D8A2803A64F00DF87CA /* Model */,
				300CFE6C27FAA3B300930143 /* Roulette */,
				303C8BA127F54E570062086B /* Supporting Files */,
				303C8B9727F54BC50062086B /* Preview Content */,
			);
			path = Nekkoya;
			sourceTree = "<group>";
		};
		303C8B9727F54BC50062086B /* Preview Content */ = {
			isa = PBXGroup;
			children = (
				303C8B9827F54BC50062086B /* Preview Assets.xcassets */,
			);
			path = "Preview Content";
			sourceTree = "<group>";
		};
		303C8BA127F54E570062086B /* Supporting Files */ = {
			isa = PBXGroup;
			children = (
				303C8B9527F54BC50062086B /* Assets.xcassets */,
				303C8B9A27F54BC50062086B /* Nekkoya.entitlements */,
			);
			name = "Supporting Files";
			sourceTree = "<group>";
		};
		30722D8A2803A64F00DF87CA /* Model */ = {
			isa = PBXGroup;
			children = (
				30722D8B2803A6B900DF87CA /* RouletteItem.swift */,
			);
			path = Model;
			sourceTree = "<group>";
		};
		30722D932805EF6B00DF87CA /* Extensions */ = {
			isa = PBXGroup;
			children = (
				3001255D27FE412F00A7B8B1 /* Angle+Normalize.swift */,
				30722D942805F06400DF87CA /* Array+Identifiable.swift */,
				30722D8F2804E59F00DF87CA /* String+Trimmed.swift */,
			);
			path = Extensions;
			sourceTree = "<group>";
		};
		30722D992806316800DF87CA /* Inputs */ = {
			isa = PBXGroup;
			children = (
				30722D9A280631E500DF87CA /* iz-one.csv */,
				30722D9B2806355E00DF87CA /* one-piece.csv */,
			);
			path = Inputs;
			sourceTree = "<group>";
		};
/* End PBXGroup section */

/* Begin PBXNativeTarget section */
		303C8B8D27F54BC40062086B /* Nekkoya */ = {
			isa = PBXNativeTarget;
			buildConfigurationList = 303C8B9D27F54BC50062086B /* Build configuration list for PBXNativeTarget "Nekkoya" */;
			buildPhases = (
				303C8B8A27F54BC40062086B /* Sources */,
				303C8B8B27F54BC40062086B /* Frameworks */,
				303C8B8C27F54BC40062086B /* Resources */,
			);
			buildRules = (
			);
			dependencies = (
			);
			name = Nekkoya;
			packageProductDependencies = (
				30722D8828039F7F00DF87CA /* Urban */,
				30722D9728061DB300DF87CA /* CSV */,
			);
			productName = Nekkoya;
			productReference = 303C8B8E27F54BC40062086B /* Nekkoya.app */;
			productType = "com.apple.product-type.application";
		};
/* End PBXNativeTarget section */

/* Begin PBXProject section */
		303C8B8627F54BC40062086B /* Project object */ = {
			isa = PBXProject;
			attributes = {
				BuildIndependentTargetsInParallel = 1;
				LastSwiftUpdateCheck = 1330;
				LastUpgradeCheck = 1330;
				TargetAttributes = {
					303C8B8D27F54BC40062086B = {
						CreatedOnToolsVersion = 13.3;
					};
				};
			};
			buildConfigurationList = 303C8B8927F54BC40062086B /* Build configuration list for PBXProject "Nekkoya" */;
			compatibilityVersion = "Xcode 13.0";
			developmentRegion = en;
			hasScannedForEncodings = 0;
			knownRegions = (
				en,
				Base,
			);
			mainGroup = 303C8B8527F54BC40062086B;
			packageReferences = (
				30722D8728039F7F00DF87CA /* XCRemoteSwiftPackageReference "urban" */,
				30722D9628061DB200DF87CA /* XCRemoteSwiftPackageReference "CSV" */,
			);
			productRefGroup = 303C8B8F27F54BC40062086B /* Products */;
			projectDirPath = "";
			projectRoot = "";
			targets = (
				303C8B8D27F54BC40062086B /* Nekkoya */,
			);
		};
/* End PBXProject section */

/* Begin PBXResourcesBuildPhase section */
		303C8B8C27F54BC40062086B /* Resources */ = {
			isa = PBXResourcesBuildPhase;
			buildActionMask = 2147483647;
			files = (
				303C8B9627F54BC50062086B /* Assets.xcassets in Resources */,
				303C8B9927F54BC50062086B /* Preview Assets.xcassets in Resources */,
			);
			runOnlyForDeploymentPostprocessing = 0;
		};
/* End PBXResourcesBuildPhase section */

/* Begin PBXSourcesBuildPhase section */
		303C8B8A27F54BC40062086B /* Sources */ = {
			isa = PBXSourcesBuildPhase;
			buildActionMask = 2147483647;
			files = (
				303C8B9227F54BC40062086B /* NekkoyaApp.swift in Sources */,
				30722D902804E59F00DF87CA /* String+Trimmed.swift in Sources */,
				30722D952805F06400DF87CA /* Array+Identifiable.swift in Sources */,
				3001255E27FE412F00A7B8B1 /* Angle+Normalize.swift in Sources */,
				30722D8C2803A6B900DF87CA /* RouletteItem.swift in Sources */,
				303C8BA427F667070062086B /* CircularSector.swift in Sources */,
				303C8BA627F785F10062086B /* Roulette+Wedge.swift in Sources */,
				300CFE6B27FA9F2100930143 /* Roulette.swift in Sources */,
				30722D9228056B4F00DF87CA /* ItemRow.swift in Sources */,
				303C8B9427F54BC40062086B /* ContentView.swift in Sources */,
			);
			runOnlyForDeploymentPostprocessing = 0;
		};
/* End PBXSourcesBuildPhase section */

/* Begin XCBuildConfiguration section */
		303C8B9B27F54BC50062086B /* Debug */ = {
			isa = XCBuildConfiguration;
			buildSettings = {
				ALWAYS_SEARCH_USER_PATHS = NO;
				CLANG_ANALYZER_NONNULL = YES;
				CLANG_ANALYZER_NUMBER_OBJECT_CONVERSION = YES_AGGRESSIVE;
				CLANG_CXX_LANGUAGE_STANDARD = "gnu++17";
				CLANG_ENABLE_MODULES = YES;
				CLANG_ENABLE_OBJC_ARC = YES;
				CLANG_ENABLE_OBJC_WEAK = YES;
				CLANG_WARN_BLOCK_CAPTURE_AUTORELEASING = YES;
				CLANG_WARN_BOOL_CONVERSION = YES;
				CLANG_WARN_COMMA = YES;
				CLANG_WARN_CONSTANT_CONVERSION = YES;
				CLANG_WARN_DEPRECATED_OBJC_IMPLEMENTATIONS = YES;
				CLANG_WARN_DIRECT_OBJC_ISA_USAGE = YES_ERROR;
				CLANG_WARN_DOCUMENTATION_COMMENTS = YES;
				CLANG_WARN_EMPTY_BODY = YES;
				CLANG_WARN_ENUM_CONVERSION = YES;
				CLANG_WARN_INFINITE_RECURSION = YES;
				CLANG_WARN_INT_CONVERSION = YES;
				CLANG_WARN_NON_LITERAL_NULL_CONVERSION = YES;
				CLANG_WARN_OBJC_IMPLICIT_RETAIN_SELF = YES;
				CLANG_WARN_OBJC_LITERAL_CONVERSION = YES;
				CLANG_WARN_OBJC_ROOT_CLASS = YES_ERROR;
				CLANG_WARN_QUOTED_INCLUDE_IN_FRAMEWORK_HEADER = YES;
				CLANG_WARN_RANGE_LOOP_ANALYSIS = YES;
				CLANG_WARN_STRICT_PROTOTYPES = YES;
				CLANG_WARN_SUSPICIOUS_MOVE = YES;
				CLANG_WARN_UNGUARDED_AVAILABILITY = YES_AGGRESSIVE;
				CLANG_WARN_UNREACHABLE_CODE = YES;
				CLANG_WARN__DUPLICATE_METHOD_MATCH = YES;
				COPY_PHASE_STRIP = NO;
				DEBUG_INFORMATION_FORMAT = dwarf;
				ENABLE_STRICT_OBJC_MSGSEND = YES;
				ENABLE_TESTABILITY = YES;
				GCC_C_LANGUAGE_STANDARD = gnu11;
				GCC_DYNAMIC_NO_PIC = NO;
				GCC_NO_COMMON_BLOCKS = YES;
				GCC_OPTIMIZATION_LEVEL = 0;
				GCC_PREPROCESSOR_DEFINITIONS = (
					"DEBUG=1",
					"$(inherited)",
				);
				GCC_WARN_64_TO_32_BIT_CONVERSION = YES;
				GCC_WARN_ABOUT_RETURN_TYPE = YES_ERROR;
				GCC_WARN_UNDECLARED_SELECTOR = YES;
				GCC_WARN_UNINITIALIZED_AUTOS = YES_AGGRESSIVE;
				GCC_WARN_UNUSED_FUNCTION = YES;
				GCC_WARN_UNUSED_VARIABLE = YES;
				MACOSX_DEPLOYMENT_TARGET = 12.3;
				MTL_ENABLE_DEBUG_INFO = INCLUDE_SOURCE;
				MTL_FAST_MATH = YES;
				ONLY_ACTIVE_ARCH = YES;
				SDKROOT = macosx;
				SWIFT_ACTIVE_COMPILATION_CONDITIONS = DEBUG;
				SWIFT_OPTIMIZATION_LEVEL = "-Onone";
			};
			name = Debug;
		};
		303C8B9C27F54BC50062086B /* Release */ = {
			isa = XCBuildConfiguration;
			buildSettings = {
				ALWAYS_SEARCH_USER_PATHS = NO;
				CLANG_ANALYZER_NONNULL = YES;
				CLANG_ANALYZER_NUMBER_OBJECT_CONVERSION = YES_AGGRESSIVE;
				CLANG_CXX_LANGUAGE_STANDARD = "gnu++17";
				CLANG_ENABLE_MODULES = YES;
				CLANG_ENABLE_OBJC_ARC = YES;
				CLANG_ENABLE_OBJC_WEAK = YES;
				CLANG_WARN_BLOCK_CAPTURE_AUTORELEASING = YES;
				CLANG_WARN_BOOL_CONVERSION = YES;
				CLANG_WARN_COMMA = YES;
				CLANG_WARN_CONSTANT_CONVERSION = YES;
				CLANG_WARN_DEPRECATED_OBJC_IMPLEMENTATIONS = YES;
				CLANG_WARN_DIRECT_OBJC_ISA_USAGE = YES_ERROR;
				CLANG_WARN_DOCUMENTATION_COMMENTS = YES;
				CLANG_WARN_EMPTY_BODY = YES;
				CLANG_WARN_ENUM_CONVERSION = YES;
				CLANG_WARN_INFINITE_RECURSION = YES;
				CLANG_WARN_INT_CONVERSION = YES;
				CLANG_WARN_NON_LITERAL_NULL_CONVERSION = YES;
				CLANG_WARN_OBJC_IMPLICIT_RETAIN_SELF = YES;
				CLANG_WARN_OBJC_LITERAL_CONVERSION = YES;
				CLANG_WARN_OBJC_ROOT_CLASS = YES_ERROR;
				CLANG_WARN_QUOTED_INCLUDE_IN_FRAMEWORK_HEADER = YES;
				CLANG_WARN_RANGE_LOOP_ANALYSIS = YES;
				CLANG_WARN_STRICT_PROTOTYPES = YES;
				CLANG_WARN_SUSPICIOUS_MOVE = YES;
				CLANG_WARN_UNGUARDED_AVAILABILITY = YES_AGGRESSIVE;
				CLANG_WARN_UNREACHABLE_CODE = YES;
				CLANG_WARN__DUPLICATE_METHOD_MATCH = YES;
				COPY_PHASE_STRIP = NO;
				DEBUG_INFORMATION_FORMAT = "dwarf-with-dsym";
				ENABLE_NS_ASSERTIONS = NO;
				ENABLE_STRICT_OBJC_MSGSEND = YES;
				GCC_C_LANGUAGE_STANDARD = gnu11;
				GCC_NO_COMMON_BLOCKS = YES;
				GCC_WARN_64_TO_32_BIT_CONVERSION = YES;
				GCC_WARN_ABOUT_RETURN_TYPE = YES_ERROR;
				GCC_WARN_UNDECLARED_SELECTOR = YES;
				GCC_WARN_UNINITIALIZED_AUTOS = YES_AGGRESSIVE;
				GCC_WARN_UNUSED_FUNCTION = YES;
				GCC_WARN_UNUSED_VARIABLE = YES;
				MACOSX_DEPLOYMENT_TARGET = 12.3;
				MTL_ENABLE_DEBUG_INFO = NO;
				MTL_FAST_MATH = YES;
				SDKROOT = macosx;
				SWIFT_COMPILATION_MODE = wholemodule;
				SWIFT_OPTIMIZATION_LEVEL = "-O";
			};
			name = Release;
		};
		303C8B9E27F54BC50062086B /* Debug */ = {
			isa = XCBuildConfiguration;
			buildSettings = {
				ASSETCATALOG_COMPILER_APPICON_NAME = AppIcon;
				ASSETCATALOG_COMPILER_GLOBAL_ACCENT_COLOR_NAME = AccentColor;
				CODE_SIGN_ENTITLEMENTS = Nekkoya/Nekkoya.entitlements;
				CODE_SIGN_STYLE = Automatic;
				COMBINE_HIDPI_IMAGES = YES;
				CURRENT_PROJECT_VERSION = 1;
				DEVELOPMENT_ASSET_PATHS = "\"Nekkoya/Preview Content\"";
				DEVELOPMENT_TEAM = R6U5GZ53KJ;
				ENABLE_HARDENED_RUNTIME = YES;
				ENABLE_PREVIEWS = YES;
				GENERATE_INFOPLIST_FILE = YES;
				INFOPLIST_KEY_LSApplicationCategoryType = "public.app-category.utilities";
				INFOPLIST_KEY_NSHumanReadableCopyright = "";
				LD_RUNPATH_SEARCH_PATHS = (
					"$(inherited)",
					"@executable_path/../Frameworks",
				);
				MACOSX_DEPLOYMENT_TARGET = 12.3;
				MARKETING_VERSION = 0.0.1;
				PRODUCT_BUNDLE_IDENTIFIER = io.github.kristorres.Nekkoya;
				PRODUCT_NAME = "$(TARGET_NAME)";
				SWIFT_EMIT_LOC_STRINGS = YES;
				SWIFT_VERSION = 5.0;
			};
			name = Debug;
		};
		303C8B9F27F54BC50062086B /* Release */ = {
			isa = XCBuildConfiguration;
			buildSettings = {
				ASSETCATALOG_COMPILER_APPICON_NAME = AppIcon;
				ASSETCATALOG_COMPILER_GLOBAL_ACCENT_COLOR_NAME = AccentColor;
				CODE_SIGN_ENTITLEMENTS = Nekkoya/Nekkoya.entitlements;
				CODE_SIGN_STYLE = Automatic;
				COMBINE_HIDPI_IMAGES = YES;
				CURRENT_PROJECT_VERSION = 1;
				DEVELOPMENT_ASSET_PATHS = "\"Nekkoya/Preview Content\"";
				DEVELOPMENT_TEAM = R6U5GZ53KJ;
				ENABLE_HARDENED_RUNTIME = YES;
				ENABLE_PREVIEWS = YES;
				GENERATE_INFOPLIST_FILE = YES;
				INFOPLIST_KEY_LSApplicationCategoryType = "public.app-category.utilities";
				INFOPLIST_KEY_NSHumanReadableCopyright = "";
				LD_RUNPATH_SEARCH_PATHS = (
					"$(inherited)",
					"@executable_path/../Frameworks",
				);
				MACOSX_DEPLOYMENT_TARGET = 12.3;
				MARKETING_VERSION = 0.0.1;
				PRODUCT_BUNDLE_IDENTIFIER = io.github.kristorres.Nekkoya;
				PRODUCT_NAME = "$(TARGET_NAME)";
				SWIFT_EMIT_LOC_STRINGS = YES;
				SWIFT_VERSION = 5.0;
			};
			name = Release;
		};
/* End XCBuildConfiguration section */

/* Begin XCConfigurationList section */
		303C8B8927F54BC40062086B /* Build configuration list for PBXProject "Nekkoya" */ = {
			isa = XCConfigurationList;
			buildConfigurations = (
				303C8B9B27F54BC50062086B /* Debug */,
				303C8B9C27F54BC50062086B /* Release */,
			);
			defaultConfigurationIsVisible = 0;
			defaultConfigurationName = Release;
		};
		303C8B9D27F54BC50062086B /* Build configuration list for PBXNativeTarget "Nekkoya" */ = {
			isa = XCConfigurationList;
			buildConfigurations = (
				303C8B9E27F54BC50062086B /* Debug */,
				303C8B9F27F54BC50062086B /* Release */,
			);
			defaultConfigurationIsVisible = 0;
			defaultConfigurationName = Release;
		};
/* End XCConfigurationList section */

/* Begin XCRemoteSwiftPackageReference section */
		30722D8728039F7F00DF87CA /* XCRemoteSwiftPackageReference "urban" */ = {
			isa = XCRemoteSwiftPackageReference;
			repositoryURL = "https://github.com/kristorres/urban";
			requirement = {
				kind = upToNextMajorVersion;
				minimumVersion = 0.0.2;
			};
		};
		30722D9628061DB200DF87CA /* XCRemoteSwiftPackageReference "CSV" */ = {
			isa = XCRemoteSwiftPackageReference;
			repositoryURL = "https://github.com/yaslab/CSV.swift";
			requirement = {
				kind = exactVersion;
				version = 2.4.3;
			};
		};
/* End XCRemoteSwiftPackageReference section */

/* Begin XCSwiftPackageProductDependency section */
		30722D8828039F7F00DF87CA /* Urban */ = {
			isa = XCSwiftPackageProductDependency;
			package = 30722D8728039F7F00DF87CA /* XCRemoteSwiftPackageReference "urban" */;
			productName = Urban;
		};
		30722D9728061DB300DF87CA /* CSV */ = {
			isa = XCSwiftPackageProductDependency;
			package = 30722D9628061DB200DF87CA /* XCRemoteSwiftPackageReference "CSV" */;
			productName = CSV;
		};
/* End XCSwiftPackageProductDependency section */
	};
	rootObject = 303C8B8627F54BC40062086B /* Project object */;
}
